
Microsoft Visual Studio Solution File, Format Version 12.00
# Visual Studio Version 17
VisualStudioVersion = 17.8.34330.188
MinimumVisualStudioVersion = 10.0.40219.1
Project("{FAE04EC0-301F-11D3-BF4B-00C04F79EFBC}") = "WebshopAPI", "WebshopAPI\WebshopAPI.csproj", "{A732A162-BD0F-4687-B5E9-31BF132851E5}"
EndProject
Project("{FAE04EC0-301F-11D3-BF4B-00C04F79EFBC}") = "Database", "Database\Database.csproj", "{3713513A-252A-40EA-B8AA-F06F7EA43660}"
EndProject
Global
	GlobalSection(SolutionConfigurationPlatforms) = preSolution
		Debug|Any CPU = Debug|Any CPU
		Release|Any CPU = Release|Any CPU
	EndGlobalSection
	GlobalSection(ProjectConfigurationPlatforms) = postSolution
		{A732A162-BD0F-4687-B5E9-31BF132851E5}.Debug|Any CPU.ActiveCfg = Debug|Any CPU
		{A732A162-BD0F-4687-B5E9-31BF132851E5}.Debug|Any CPU.Build.0 = Debug|Any CPU
		{A732A162-BD0F-4687-B5E9-31BF132851E5}.Release|Any CPU.ActiveCfg = Release|Any CPU
		{A732A162-BD0F-4687-B5E9-31BF132851E5}.Release|Any CPU.Build.0 = Release|Any CPU
		{3713513A-252A-40EA-B8AA-F06F7EA43660}.Debug|Any CPU.ActiveCfg = Debug|Any CPU
		{3713513A-252A-40EA-B8AA-F06F7EA43660}.Debug|Any CPU.Build.0 = Debug|Any CPU
		{3713513A-252A-40EA-B8AA-F06F7EA43660}.Release|Any CPU.ActiveCfg = Release|Any CPU
		{3713513A-252A-40EA-B8AA-F06F7EA43660}.Release|Any CPU.Build.0 = Release|Any CPU
	EndGlobalSection
	GlobalSection(SolutionProperties) = preSolution
		HideSolutionNode = FALSE
	EndGlobalSection
	GlobalSection(ExtensibilityGlobals) = postSolution
		SolutionGuid = {6B4B07AF-741D-44BE-A817-37F8FB25576F}
	EndGlobalSection
EndGlobal
